
Microsoft Visual Studio Solution File, Format Version 12.00
# Visual Studio Version 16
VisualStudioVersion = 16.0.34407.143
MinimumVisualStudioVersion = 10.0.40219.1
Project("{FAE04EC0-301F-11D3-BF4B-00C04F79EFBC}") = "One to One association", "One to One association\One to One association.csproj", "{6BF1F7DA-6F6C-4E96-B198-3682618058E0}"
EndProject
Global
	GlobalSection(SolutionConfigurationPlatforms) = preSolution
		Debug|Any CPU = Debug|Any CPU
		Release|Any CPU = Release|Any CPU
	EndGlobalSection
	GlobalSection(ProjectConfigurationPlatforms) = postSolution
		{6BF1F7DA-6F6C-4E96-B198-3682618058E0}.Debug|Any CPU.ActiveCfg = Debug|Any CPU
		{6BF1F7DA-6F6C-4E96-B198-3682618058E0}.Debug|Any CPU.Build.0 = Debug|Any CPU
		{6BF1F7DA-6F6C-4E96-B198-3682618058E0}.Release|Any CPU.ActiveCfg = Release|Any CPU
		{6BF1F7DA-6F6C-4E96-B198-3682618058E0}.Release|Any CPU.Build.0 = Release|Any CPU
	EndGlobalSection
	GlobalSection(SolutionProperties) = preSolution
		HideSolutionNode = FALSE
	EndGlobalSection
	GlobalSection(ExtensibilityGlobals) = postSolution
		SolutionGuid = {6B127FFD-1486-426A-A92D-09A56C6A2D71}
	EndGlobalSection
EndGlobal
