
Microsoft Visual Studio Solution File, Format Version 12.00
# Visual Studio Version 16
VisualStudioVersion = 16.0.34407.143
MinimumVisualStudioVersion = 10.0.40219.1
Project("{FAE04EC0-301F-11D3-BF4B-00C04F79EFBC}") = "Constructor", "Constructor\Constructor.csproj", "{937A7530-55A6-4613-A836-BD6529C04E78}"
EndProject
Global
	GlobalSection(SolutionConfigurationPlatforms) = preSolution
		Debug|Any CPU = Debug|Any CPU
		Release|Any CPU = Release|Any CPU
	EndGlobalSection
	GlobalSection(ProjectConfigurationPlatforms) = postSolution
		{937A7530-55A6-4613-A836-BD6529C04E78}.Debug|Any CPU.ActiveCfg = Debug|Any CPU
		{937A7530-55A6-4613-A836-BD6529C04E78}.Debug|Any CPU.Build.0 = Debug|Any CPU
		{937A7530-55A6-4613-A836-BD6529C04E78}.Release|Any CPU.ActiveCfg = Release|Any CPU
		{937A7530-55A6-4613-A836-BD6529C04E78}.Release|Any CPU.Build.0 = Release|Any CPU
	EndGlobalSection
	GlobalSection(SolutionProperties) = preSolution
		HideSolutionNode = FALSE
	EndGlobalSection
	GlobalSection(ExtensibilityGlobals) = postSolution
		SolutionGuid = {8E387CEF-2866-4B10-874A-45A87DC8E498}
	EndGlobalSection
EndGlobal
